
Microsoft Visual Studio Solution File, Format Version 12.00
# Visual Studio 15
VisualStudioVersion = 15.0.28307.136
MinimumVisualStudioVersion = 10.0.40219.1
Project("{2150E333-8FDC-42A3-9474-1A3956D46DE8}") = "MyTasks1", "MyTasks1", "{CF428A80-7E8A-4E33-99AD-78DB0EA942CB}"
EndProject
Project("{FAE04EC0-301F-11D3-BF4B-00C04F79EFBC}") = "Task1", "MyTasks1\Task1\Task1.csproj", "{AF2BCBF2-2891-445D-8DA1-1543B6EE741F}"
EndProject
Project("{FAE04EC0-301F-11D3-BF4B-00C04F79EFBC}") = "Task2", "MyTasks1\Task2\Task2.csproj", "{D2A9E7DF-407A-46DC-B900-9C95F7F90392}"
EndProject
Project("{FAE04EC0-301F-11D3-BF4B-00C04F79EFBC}") = "Task3", "MyTasks1\Task3\Task3.csproj", "{C4161AC9-6475-481B-A19F-17EC9CB58F85}"
EndProject
Project("{FAE04EC0-301F-11D3-BF4B-00C04F79EFBC}") = "Task4", "MyTasks1\Task4\Task4.csproj", "{F71D92DA-B61E-4D53-9744-BF0678AC4704}"
EndProject
Project("{FAE04EC0-301F-11D3-BF4B-00C04F79EFBC}") = "Task5", "MyTasks1\Task5\Task5.csproj", "{FA8E2E5D-BCD1-4B53-9AA9-DD809916176C}"
EndProject
Project("{FAE04EC0-301F-11D3-BF4B-00C04F79EFBC}") = "Task6", "MyTasks1\Task6\Task6.csproj", "{929953D1-ED75-44A1-9DBF-41963C2E8F8F}"
EndProject
Project("{FAE04EC0-301F-11D3-BF4B-00C04F79EFBC}") = "Task7", "MyTasks1\Task7\Task7.csproj", "{5C2825A6-3BA3-4A3C-A5AB-39359B27ECEB}"
EndProject
Project("{FAE04EC0-301F-11D3-BF4B-00C04F79EFBC}") = "Task8", "MyTasks1\Task8\Task8.csproj", "{FFCC8B8E-F5B9-424C-8E03-7EC959795174}"
EndProject
Project("{2150E333-8FDC-42A3-9474-1A3956D46DE8}") = "MyTasks2", "MyTasks2", "{9259F62C-72EE-47C2-9C56-E94A3EF2EACA}"
EndProject
Project("{FAE04EC0-301F-11D3-BF4B-00C04F79EFBC}") = "Task1", "MyTasks2\Task1\Task1.csproj", "{B8358FFB-F18E-49AF-9A2D-F8205FF427AB}"
EndProject
Project("{FAE04EC0-301F-11D3-BF4B-00C04F79EFBC}") = "Task2", "MyTasks2\Task2\Task2.csproj", "{96EDE737-F4FD-4517-B232-6A9B70D1D2BC}"
EndProject
Project("{2150E333-8FDC-42A3-9474-1A3956D46DE8}") = "MyTasks3", "MyTasks3", "{DCA228FF-8703-462F-A87C-DB3BCD86587B}"
EndProject
Project("{FAE04EC0-301F-11D3-BF4B-00C04F79EFBC}") = "Task1", "MyTasks3\Task1\Task1.csproj", "{CD625CCD-F35C-485D-AB59-6252563E4857}"
EndProject
Project("{2150E333-8FDC-42A3-9474-1A3956D46DE8}") = "MyTasks4", "MyTasks4", "{60EC73F0-00F6-4FFA-A596-FEFA6F524FF4}"
EndProject
Project("{FAE04EC0-301F-11D3-BF4B-00C04F79EFBC}") = "Task1", "MyTasks4\Task1\Task1.csproj", "{AFE071F5-05CF-4EAD-AB22-17E8D667A621}"
EndProject
Project("{2150E333-8FDC-42A3-9474-1A3956D46DE8}") = "MyTasks5", "MyTasks5", "{D71AA636-0597-47FE-8519-C30B68088ECE}"
EndProject
Project("{FAE04EC0-301F-11D3-BF4B-00C04F79EFBC}") = "MySet", "MyTasks5\MySet\MySet.csproj", "{F09C753E-6056-4A05-AA0A-064602D7FD4F}"
EndProject
Project("{2150E333-8FDC-42A3-9474-1A3956D46DE8}") = "MyTasks6", "MyTasks6", "{300FFF59-F228-4ACF-A0EA-C70D0C47E18B}"
EndProject
Project("{FAE04EC0-301F-11D3-BF4B-00C04F79EFBC}") = "DelegatesAndEventsTest", "MyTasks6\DelegatesAndEventsTest\DelegatesAndEventsTest.csproj", "{33B8630C-C1B3-4BC3-A326-802B11414B45}"
EndProject
Project("{2150E333-8FDC-42A3-9474-1A3956D46DE8}") = "MyTasks7", "MyTasks7", "{CF3AB3A9-1BEA-4DF9-9F99-2EB9DE228421}"
EndProject
Project("{FAE04EC0-301F-11D3-BF4B-00C04F79EFBC}") = "MyWpfApp", "MyTasks7\MyWpfApp\MyWpfApp.csproj", "{719CE9FB-99B3-4475-AE89-5F7496CB7DE3}"
EndProject
Project("{2150E333-8FDC-42A3-9474-1A3956D46DE8}") = "MyCalculator", "MyCalculator", "{8447A3E8-6E3F-4E9F-9EFF-7DA29B2B9FA3}"
EndProject
Project("{FAE04EC0-301F-11D3-BF4B-00C04F79EFBC}") = "ConsoleCalculatorApp", "MyCalculator\ConsoleCalculatorApp\ConsoleCalculatorApp.csproj", "{C323EC59-BD44-4EFE-822F-F114B2AD328B}"
EndProject
Project("{FAE04EC0-301F-11D3-BF4B-00C04F79EFBC}") = "WpfCalculatorApp", "MyCalculator\WpfCalculatorApp\WpfCalculatorApp.csproj", "{0FEAF008-7C2E-4BFA-AD9F-5FC79C4B8D30}"
EndProject
Global
	GlobalSection(SolutionConfigurationPlatforms) = preSolution
		Debug|Any CPU = Debug|Any CPU
		Release|Any CPU = Release|Any CPU
	EndGlobalSection
	GlobalSection(ProjectConfigurationPlatforms) = postSolution
		{AF2BCBF2-2891-445D-8DA1-1543B6EE741F}.Debug|Any CPU.ActiveCfg = Debug|Any CPU
		{AF2BCBF2-2891-445D-8DA1-1543B6EE741F}.Debug|Any CPU.Build.0 = Debug|Any CPU
		{AF2BCBF2-2891-445D-8DA1-1543B6EE741F}.Release|Any CPU.ActiveCfg = Release|Any CPU
		{AF2BCBF2-2891-445D-8DA1-1543B6EE741F}.Release|Any CPU.Build.0 = Release|Any CPU
		{D2A9E7DF-407A-46DC-B900-9C95F7F90392}.Debug|Any CPU.ActiveCfg = Debug|Any CPU
		{D2A9E7DF-407A-46DC-B900-9C95F7F90392}.Debug|Any CPU.Build.0 = Debug|Any CPU
		{D2A9E7DF-407A-46DC-B900-9C95F7F90392}.Release|Any CPU.ActiveCfg = Release|Any CPU
		{D2A9E7DF-407A-46DC-B900-9C95F7F90392}.Release|Any CPU.Build.0 = Release|Any CPU
		{C4161AC9-6475-481B-A19F-17EC9CB58F85}.Debug|Any CPU.ActiveCfg = Debug|Any CPU
		{C4161AC9-6475-481B-A19F-17EC9CB58F85}.Debug|Any CPU.Build.0 = Debug|Any CPU
		{C4161AC9-6475-481B-A19F-17EC9CB58F85}.Release|Any CPU.ActiveCfg = Release|Any CPU
		{C4161AC9-6475-481B-A19F-17EC9CB58F85}.Release|Any CPU.Build.0 = Release|Any CPU
		{F71D92DA-B61E-4D53-9744-BF0678AC4704}.Debug|Any CPU.ActiveCfg = Debug|Any CPU
		{F71D92DA-B61E-4D53-9744-BF0678AC4704}.Debug|Any CPU.Build.0 = Debug|Any CPU
		{F71D92DA-B61E-4D53-9744-BF0678AC4704}.Release|Any CPU.ActiveCfg = Release|Any CPU
		{F71D92DA-B61E-4D53-9744-BF0678AC4704}.Release|Any CPU.Build.0 = Release|Any CPU
		{FA8E2E5D-BCD1-4B53-9AA9-DD809916176C}.Debug|Any CPU.ActiveCfg = Debug|Any CPU
		{FA8E2E5D-BCD1-4B53-9AA9-DD809916176C}.Debug|Any CPU.Build.0 = Debug|Any CPU
		{FA8E2E5D-BCD1-4B53-9AA9-DD809916176C}.Release|Any CPU.ActiveCfg = Release|Any CPU
		{FA8E2E5D-BCD1-4B53-9AA9-DD809916176C}.Release|Any CPU.Build.0 = Release|Any CPU
		{929953D1-ED75-44A1-9DBF-41963C2E8F8F}.Debug|Any CPU.ActiveCfg = Debug|Any CPU
		{929953D1-ED75-44A1-9DBF-41963C2E8F8F}.Debug|Any CPU.Build.0 = Debug|Any CPU
		{929953D1-ED75-44A1-9DBF-41963C2E8F8F}.Release|Any CPU.ActiveCfg = Release|Any CPU
		{929953D1-ED75-44A1-9DBF-41963C2E8F8F}.Release|Any CPU.Build.0 = Release|Any CPU
		{5C2825A6-3BA3-4A3C-A5AB-39359B27ECEB}.Debug|Any CPU.ActiveCfg = Debug|Any CPU
		{5C2825A6-3BA3-4A3C-A5AB-39359B27ECEB}.Debug|Any CPU.Build.0 = Debug|Any CPU
		{5C2825A6-3BA3-4A3C-A5AB-39359B27ECEB}.Release|Any CPU.ActiveCfg = Release|Any CPU
		{5C2825A6-3BA3-4A3C-A5AB-39359B27ECEB}.Release|Any CPU.Build.0 = Release|Any CPU
		{FFCC8B8E-F5B9-424C-8E03-7EC959795174}.Debug|Any CPU.ActiveCfg = Debug|Any CPU
		{FFCC8B8E-F5B9-424C-8E03-7EC959795174}.Debug|Any CPU.Build.0 = Debug|Any CPU
		{FFCC8B8E-F5B9-424C-8E03-7EC959795174}.Release|Any CPU.ActiveCfg = Release|Any CPU
		{FFCC8B8E-F5B9-424C-8E03-7EC959795174}.Release|Any CPU.Build.0 = Release|Any CPU
		{B8358FFB-F18E-49AF-9A2D-F8205FF427AB}.Debug|Any CPU.ActiveCfg = Debug|Any CPU
		{B8358FFB-F18E-49AF-9A2D-F8205FF427AB}.Debug|Any CPU.Build.0 = Debug|Any CPU
		{B8358FFB-F18E-49AF-9A2D-F8205FF427AB}.Release|Any CPU.ActiveCfg = Release|Any CPU
		{B8358FFB-F18E-49AF-9A2D-F8205FF427AB}.Release|Any CPU.Build.0 = Release|Any CPU
		{96EDE737-F4FD-4517-B232-6A9B70D1D2BC}.Debug|Any CPU.ActiveCfg = Debug|Any CPU
		{96EDE737-F4FD-4517-B232-6A9B70D1D2BC}.Debug|Any CPU.Build.0 = Debug|Any CPU
		{96EDE737-F4FD-4517-B232-6A9B70D1D2BC}.Release|Any CPU.ActiveCfg = Release|Any CPU
		{96EDE737-F4FD-4517-B232-6A9B70D1D2BC}.Release|Any CPU.Build.0 = Release|Any CPU
		{CD625CCD-F35C-485D-AB59-6252563E4857}.Debug|Any CPU.ActiveCfg = Debug|Any CPU
		{CD625CCD-F35C-485D-AB59-6252563E4857}.Debug|Any CPU.Build.0 = Debug|Any CPU
		{CD625CCD-F35C-485D-AB59-6252563E4857}.Release|Any CPU.ActiveCfg = Release|Any CPU
		{CD625CCD-F35C-485D-AB59-6252563E4857}.Release|Any CPU.Build.0 = Release|Any CPU
		{AFE071F5-05CF-4EAD-AB22-17E8D667A621}.Debug|Any CPU.ActiveCfg = Debug|Any CPU
		{AFE071F5-05CF-4EAD-AB22-17E8D667A621}.Debug|Any CPU.Build.0 = Debug|Any CPU
		{AFE071F5-05CF-4EAD-AB22-17E8D667A621}.Release|Any CPU.ActiveCfg = Release|Any CPU
		{AFE071F5-05CF-4EAD-AB22-17E8D667A621}.Release|Any CPU.Build.0 = Release|Any CPU
		{F09C753E-6056-4A05-AA0A-064602D7FD4F}.Debug|Any CPU.ActiveCfg = Debug|Any CPU
		{F09C753E-6056-4A05-AA0A-064602D7FD4F}.Debug|Any CPU.Build.0 = Debug|Any CPU
		{F09C753E-6056-4A05-AA0A-064602D7FD4F}.Release|Any CPU.ActiveCfg = Release|Any CPU
		{F09C753E-6056-4A05-AA0A-064602D7FD4F}.Release|Any CPU.Build.0 = Release|Any CPU
		{33B8630C-C1B3-4BC3-A326-802B11414B45}.Debug|Any CPU.ActiveCfg = Debug|Any CPU
		{33B8630C-C1B3-4BC3-A326-802B11414B45}.Debug|Any CPU.Build.0 = Debug|Any CPU
		{33B8630C-C1B3-4BC3-A326-802B11414B45}.Release|Any CPU.ActiveCfg = Release|Any CPU
		{33B8630C-C1B3-4BC3-A326-802B11414B45}.Release|Any CPU.Build.0 = Release|Any CPU
		{719CE9FB-99B3-4475-AE89-5F7496CB7DE3}.Debug|Any CPU.ActiveCfg = Debug|Any CPU
		{719CE9FB-99B3-4475-AE89-5F7496CB7DE3}.Debug|Any CPU.Build.0 = Debug|Any CPU
		{719CE9FB-99B3-4475-AE89-5F7496CB7DE3}.Release|Any CPU.ActiveCfg = Release|Any CPU
		{719CE9FB-99B3-4475-AE89-5F7496CB7DE3}.Release|Any CPU.Build.0 = Release|Any CPU
		{C323EC59-BD44-4EFE-822F-F114B2AD328B}.Debug|Any CPU.ActiveCfg = Debug|Any CPU
		{C323EC59-BD44-4EFE-822F-F114B2AD328B}.Debug|Any CPU.Build.0 = Debug|Any CPU
		{C323EC59-BD44-4EFE-822F-F114B2AD328B}.Release|Any CPU.ActiveCfg = Release|Any CPU
		{C323EC59-BD44-4EFE-822F-F114B2AD328B}.Release|Any CPU.Build.0 = Release|Any CPU
		{0FEAF008-7C2E-4BFA-AD9F-5FC79C4B8D30}.Debug|Any CPU.ActiveCfg = Debug|Any CPU
		{0FEAF008-7C2E-4BFA-AD9F-5FC79C4B8D30}.Debug|Any CPU.Build.0 = Debug|Any CPU
		{0FEAF008-7C2E-4BFA-AD9F-5FC79C4B8D30}.Release|Any CPU.ActiveCfg = Release|Any CPU
		{0FEAF008-7C2E-4BFA-AD9F-5FC79C4B8D30}.Release|Any CPU.Build.0 = Release|Any CPU
	EndGlobalSection
	GlobalSection(SolutionProperties) = preSolution
		HideSolutionNode = FALSE
	EndGlobalSection
	GlobalSection(NestedProjects) = preSolution
		{AF2BCBF2-2891-445D-8DA1-1543B6EE741F} = {CF428A80-7E8A-4E33-99AD-78DB0EA942CB}
		{D2A9E7DF-407A-46DC-B900-9C95F7F90392} = {CF428A80-7E8A-4E33-99AD-78DB0EA942CB}
		{C4161AC9-6475-481B-A19F-17EC9CB58F85} = {CF428A80-7E8A-4E33-99AD-78DB0EA942CB}
		{F71D92DA-B61E-4D53-9744-BF0678AC4704} = {CF428A80-7E8A-4E33-99AD-78DB0EA942CB}
		{FA8E2E5D-BCD1-4B53-9AA9-DD809916176C} = {CF428A80-7E8A-4E33-99AD-78DB0EA942CB}
		{929953D1-ED75-44A1-9DBF-41963C2E8F8F} = {CF428A80-7E8A-4E33-99AD-78DB0EA942CB}
		{5C2825A6-3BA3-4A3C-A5AB-39359B27ECEB} = {CF428A80-7E8A-4E33-99AD-78DB0EA942CB}
		{FFCC8B8E-F5B9-424C-8E03-7EC959795174} = {CF428A80-7E8A-4E33-99AD-78DB0EA942CB}
		{B8358FFB-F18E-49AF-9A2D-F8205FF427AB} = {9259F62C-72EE-47C2-9C56-E94A3EF2EACA}
		{96EDE737-F4FD-4517-B232-6A9B70D1D2BC} = {9259F62C-72EE-47C2-9C56-E94A3EF2EACA}
		{CD625CCD-F35C-485D-AB59-6252563E4857} = {DCA228FF-8703-462F-A87C-DB3BCD86587B}
		{AFE071F5-05CF-4EAD-AB22-17E8D667A621} = {60EC73F0-00F6-4FFA-A596-FEFA6F524FF4}
		{F09C753E-6056-4A05-AA0A-064602D7FD4F} = {D71AA636-0597-47FE-8519-C30B68088ECE}
		{33B8630C-C1B3-4BC3-A326-802B11414B45} = {300FFF59-F228-4ACF-A0EA-C70D0C47E18B}
		{719CE9FB-99B3-4475-AE89-5F7496CB7DE3} = {CF3AB3A9-1BEA-4DF9-9F99-2EB9DE228421}
		{C323EC59-BD44-4EFE-822F-F114B2AD328B} = {8447A3E8-6E3F-4E9F-9EFF-7DA29B2B9FA3}
		{0FEAF008-7C2E-4BFA-AD9F-5FC79C4B8D30} = {8447A3E8-6E3F-4E9F-9EFF-7DA29B2B9FA3}
	EndGlobalSection
	GlobalSection(ExtensibilityGlobals) = postSolution
		SolutionGuid = {B0B651D4-820D-4141-8917-7EC568B6C9F8}
	EndGlobalSection
EndGlobal
